
Microsoft Visual Studio Solution File, Format Version 12.00
# Visual Studio Version 17
VisualStudioVersion = 17.13.35931.197 d17.13
MinimumVisualStudioVersion = 10.0.40219.1
Project("{FAE04EC0-301F-11D3-BF4B-00C04F79EFBC}") = "WebHealthServer", "WebHealthServer\WebHealthServer.csproj", "{C67AD2AC-27B1-4A00-8686-AF6C2A75CA24}"
EndProject
Global
	GlobalSection(SolutionConfigurationPlatforms) = preSolution
		Debug|Any CPU = Debug|Any CPU
		Release|Any CPU = Release|Any CPU
	EndGlobalSection
	GlobalSection(ProjectConfigurationPlatforms) = postSolution
		{C67AD2AC-27B1-4A00-8686-AF6C2A75CA24}.Debug|Any CPU.ActiveCfg = Debug|Any CPU
		{C67AD2AC-27B1-4A00-8686-AF6C2A75CA24}.Debug|Any CPU.Build.0 = Debug|Any CPU
		{C67AD2AC-27B1-4A00-8686-AF6C2A75CA24}.Release|Any CPU.ActiveCfg = Release|Any CPU
		{C67AD2AC-27B1-4A00-8686-AF6C2A75CA24}.Release|Any CPU.Build.0 = Release|Any CPU
	EndGlobalSection
	GlobalSection(SolutionProperties) = preSolution
		HideSolutionNode = FALSE
	EndGlobalSection
	GlobalSection(ExtensibilityGlobals) = postSolution
		SolutionGuid = {818BA110-D2C8-4B79-8CEC-CE04370DD7E0}
	EndGlobalSection
EndGlobal
